
Microsoft Visual Studio Solution File, Format Version 12.00
# Visual Studio 15
VisualStudioVersion = 15.0.28010.2046
MinimumVisualStudioVersion = 10.0.40219.1
Project("{FAE04EC0-301F-11D3-BF4B-00C04F79EFBC}") = "PlantPlacesWebService", "PlantPlacesWebService\PlantPlacesWebService.csproj", "{C2004DDD-1554-4921-84FF-D5B2ADAD7020}"
EndProject
Global
	GlobalSection(SolutionConfigurationPlatforms) = preSolution
		Debug|Any CPU = Debug|Any CPU
		Release|Any CPU = Release|Any CPU
	EndGlobalSection
	GlobalSection(ProjectConfigurationPlatforms) = postSolution
		{C2004DDD-1554-4921-84FF-D5B2ADAD7020}.Debug|Any CPU.ActiveCfg = Debug|Any CPU
		{C2004DDD-1554-4921-84FF-D5B2ADAD7020}.Debug|Any CPU.Build.0 = Debug|Any CPU
		{C2004DDD-1554-4921-84FF-D5B2ADAD7020}.Release|Any CPU.ActiveCfg = Release|Any CPU
		{C2004DDD-1554-4921-84FF-D5B2ADAD7020}.Release|Any CPU.Build.0 = Release|Any CPU
	EndGlobalSection
	GlobalSection(SolutionProperties) = preSolution
		HideSolutionNode = FALSE
	EndGlobalSection
	GlobalSection(ExtensibilityGlobals) = postSolution
		SolutionGuid = {8BBA12C4-7967-47D3-9C2A-440EDE98DF76}
	EndGlobalSection
EndGlobal
